
Microsoft Visual Studio Solution File, Format Version 12.00
# Visual Studio Version 17
VisualStudioVersion = 17.11.35312.102
MinimumVisualStudioVersion = 10.0.40219.1
Project("{FAE04EC0-301F-11D3-BF4B-00C04F79EFBC}") = "PrintService", "PrintService\PrintService.csproj", "{D004CAA0-68E3-477F-8186-5B3737902135}"
EndProject
Global
	GlobalSection(SolutionConfigurationPlatforms) = preSolution
		Debug|Any CPU = Debug|Any CPU
		Release|Any CPU = Release|Any CPU
	EndGlobalSection
	GlobalSection(ProjectConfigurationPlatforms) = postSolution
		{D004CAA0-68E3-477F-8186-5B3737902135}.Debug|Any CPU.ActiveCfg = Debug|Any CPU
		{D004CAA0-68E3-477F-8186-5B3737902135}.Debug|Any CPU.Build.0 = Debug|Any CPU
		{D004CAA0-68E3-477F-8186-5B3737902135}.Release|Any CPU.ActiveCfg = Release|Any CPU
		{D004CAA0-68E3-477F-8186-5B3737902135}.Release|Any CPU.Build.0 = Release|Any CPU
	EndGlobalSection
	GlobalSection(SolutionProperties) = preSolution
		HideSolutionNode = FALSE
	EndGlobalSection
	GlobalSection(ExtensibilityGlobals) = postSolution
		SolutionGuid = {324995AD-9604-4BBC-8249-DE69BD0AC500}
	EndGlobalSection
EndGlobal
